
Microsoft Visual Studio Solution File, Format Version 12.00
# Visual Studio Version 16
VisualStudioVersion = 16.0.34031.81
MinimumVisualStudioVersion = 10.0.40219.1
Project("{2150E333-8FDC-42A3-9474-1A3956D46DE8}") = "Task0", "Task0", "{B71AD408-E1BF-4C5E-B877-9329D787DA16}"
EndProject
Project("{FAE04EC0-301F-11D3-BF4B-00C04F79EFBC}") = "Tyuiu.SolievAH.Sprint2.Task0.V27", "Tyuiu.SolievAH.Sprint2.Task0.V27\Tyuiu.SolievAH.Sprint2.Task0.V27.csproj", "{AA4EE1AC-3080-40E2-9796-0F718BA64A88}"
EndProject
Project("{FAE04EC0-301F-11D3-BF4B-00C04F79EFBC}") = "Tyuiu.SolievAH.Sprint2.Task0.V27.Test", "Tyuiu.SolievAH.Sprint2.Task0.V27.Test\Tyuiu.SolievAH.Sprint2.Task0.V27.Test.csproj", "{C45CEA60-2CEF-4F52-A1D3-F797EB65C47A}"
EndProject
Project("{FAE04EC0-301F-11D3-BF4B-00C04F79EFBC}") = "Tyuiu.SolievAH.Sprint2.Task0.V27.Lib", "Tyuiu.SolievAH.Sprint2.Task0.V27.Lib\Tyuiu.SolievAH.Sprint2.Task0.V27.Lib.csproj", "{0F82E116-8683-4390-B7A2-65A2401AAA24}"
EndProject
Project("{2150E333-8FDC-42A3-9474-1A3956D46DE8}") = "Task1", "Task1", "{785686F3-870F-4CE3-AB70-CBD1A6297859}"
EndProject
Project("{FAE04EC0-301F-11D3-BF4B-00C04F79EFBC}") = "Tyuiu.SolievAH.Sprint2.Task1.V23", "Tyuiu.SolievAH.Sprint2.Task1.V23\Tyuiu.SolievAH.Sprint2.Task1.V23.csproj", "{CFF8CDAA-B4C4-42E8-ACAA-AB2232E4391D}"
EndProject
Project("{FAE04EC0-301F-11D3-BF4B-00C04F79EFBC}") = "Tyuiu.SolievAH.Sprint2.Task1.V23.Lib", "Tyuiu.SolievAH.Sprint2.Task1.V23.Lib\Tyuiu.SolievAH.Sprint2.Task1.V23.Lib.csproj", "{BC898E91-4481-4FA7-BF50-529F1CA746B7}"
EndProject
Project("{FAE04EC0-301F-11D3-BF4B-00C04F79EFBC}") = "Tyuiu.SolievAH.Sprint2.Task1.V23.Test", "Tyuiu.SolievAH.Sprint2.Task1.V23.Test\Tyuiu.SolievAH.Sprint2.Task1.V23.Test.csproj", "{F31612D1-3C4E-45F1-9EFC-1DEA21783443}"
EndProject
Project("{2150E333-8FDC-42A3-9474-1A3956D46DE8}") = "Task2", "Task2", "{862D6B4F-9776-4F7D-89F8-B7AC08642CAF}"
EndProject
Project("{FAE04EC0-301F-11D3-BF4B-00C04F79EFBC}") = "Tyuiu.SolievAH.Sprint2.Task2.V6", "Tyuiu.SolievAH.Sprint2.Task2.V6\Tyuiu.SolievAH.Sprint2.Task2.V6.csproj", "{AD4589B0-A178-42FA-962E-7F613FE1A40C}"
EndProject
Project("{FAE04EC0-301F-11D3-BF4B-00C04F79EFBC}") = "Tyuiu.SolievAH.Sprint2.Task2.V6.Test", "Tyuiu.SolievAH.Sprint2.Task2.V6.Test\Tyuiu.SolievAH.Sprint2.Task2.V6.Test.csproj", "{7B80A35D-8AA6-445B-8A94-F2FFD6B21F01}"
EndProject
Project("{FAE04EC0-301F-11D3-BF4B-00C04F79EFBC}") = "Tyuiu.SolievAH.Sprint2.Task2.V6.Lib", "Tyuiu.SolievAH.Sprint2.Task2.V6.Lib\Tyuiu.SolievAH.Sprint2.Task2.V6.Lib.csproj", "{F8ADFD65-F4E3-4CAF-9A6D-8099E072B8A7}"
EndProject
Project("{2150E333-8FDC-42A3-9474-1A3956D46DE8}") = "Task3", "Task3", "{339F113D-C55E-46B7-A5AD-B9AB3F2B64D4}"
EndProject
Project("{FAE04EC0-301F-11D3-BF4B-00C04F79EFBC}") = "Tyuiu.SolievAH.Sprint2.Task3.V7", "Tyuiu.SolievAH.Sprint2.Task3.V7\Tyuiu.SolievAH.Sprint2.Task3.V7.csproj", "{C0D0BFBB-948A-4486-A142-ABB51CC0118B}"
EndProject
Project("{FAE04EC0-301F-11D3-BF4B-00C04F79EFBC}") = "Tyuiu.SolievAH.Sprint2.Task3.V7.Test", "Tyuiu.SolievAH.Sprint2.Task3.V7.Test\Tyuiu.SolievAH.Sprint2.Task3.V7.Test.csproj", "{5E185A2A-9DA7-4779-BF34-5D96B6E73512}"
EndProject
Project("{FAE04EC0-301F-11D3-BF4B-00C04F79EFBC}") = "Tyuiu.SolievAH.Sprint2.Task3.V7.Lib", "Tyuiu.SolievAH.Sprint2.Task3.V7.Lib\Tyuiu.SolievAH.Sprint2.Task3.V7.Lib.csproj", "{EA5CFEE8-7619-4B5B-9CCA-494326BAFFC6}"
EndProject
Project("{2150E333-8FDC-42A3-9474-1A3956D46DE8}") = "Task4", "Task4", "{06C606F4-E22C-4825-AE5A-FD23B80CE39F}"
EndProject
Project("{FAE04EC0-301F-11D3-BF4B-00C04F79EFBC}") = "Tyuiu.SolievAH.Sprint2.Task4.V30", "Tyuiu.SolievAH.Sprint2.Task4.V30\Tyuiu.SolievAH.Sprint2.Task4.V30.csproj", "{C8BD389C-F4BE-4558-9E5A-4E0E07C6EB06}"
EndProject
Project("{FAE04EC0-301F-11D3-BF4B-00C04F79EFBC}") = "Tyuiu.SolievAH.Sprint2.Task4.V30.Lib", "Tyuiu.SolievAH.Sprint2.Task4.V30.Lib\Tyuiu.SolievAH.Sprint2.Task4.V30.Lib.csproj", "{1F6886D5-B28A-4677-B4E8-381F0B79C7CF}"
EndProject
Project("{FAE04EC0-301F-11D3-BF4B-00C04F79EFBC}") = "Tyuiu.SolievAH.Sprint2.Task4.V30.Test", "Tyuiu.SolievAH.Sprint2.Task4.V30.Test\Tyuiu.SolievAH.Sprint2.Task4.V30.Test.csproj", "{D30A21AB-AB4A-4677-A1B6-79708FE6F822}"
EndProject
Project("{2150E333-8FDC-42A3-9474-1A3956D46DE8}") = "Task5", "Task5", "{64D34C10-3116-4056-B01D-0B50A9254CB5}"
EndProject
Project("{FAE04EC0-301F-11D3-BF4B-00C04F79EFBC}") = "Tyuiu.SolievAH.Sprint2.Task5.V3", "Tyuiu.SolievAH.Sprint2.Task5.V3\Tyuiu.SolievAH.Sprint2.Task5.V3.csproj", "{AC3218DF-B54C-4E62-BE59-ABDECB59FE78}"
EndProject
Project("{FAE04EC0-301F-11D3-BF4B-00C04F79EFBC}") = "Tyuiu.SolievAH.Sprint2.Task5.V3.Test", "Tyuiu.SolievAH.Sprint2.Task5.V3.Test\Tyuiu.SolievAH.Sprint2.Task5.V3.Test.csproj", "{500CFC7F-1F68-46A8-BEFA-A46AF063D096}"
EndProject
Project("{FAE04EC0-301F-11D3-BF4B-00C04F79EFBC}") = "Tyuiu.SolievAH.Sprint2.Task5.V3.Lib", "Tyuiu.SolievAH.Sprint2.Task5.V3.Lib\Tyuiu.SolievAH.Sprint2.Task5.V3.Lib.csproj", "{E1A1A0C8-D4F6-40E2-A8D4-908E01A7BB10}"
EndProject
Project("{2150E333-8FDC-42A3-9474-1A3956D46DE8}") = "Task6", "Task6", "{9477FBB0-9300-4368-8F81-4FEB2B4C294E}"
EndProject
Project("{FAE04EC0-301F-11D3-BF4B-00C04F79EFBC}") = "Tyuiu.SolievAH.Sprint2.Task6.V7", "Tyuiu.SolievAH.Sprint2.Task6.V7\Tyuiu.SolievAH.Sprint2.Task6.V7.csproj", "{871926F5-87A6-43B7-8AA1-BF449C0AEEE9}"
EndProject
Project("{FAE04EC0-301F-11D3-BF4B-00C04F79EFBC}") = "Tyuiu.SolievAH.Sprint2.Task6.V7.Test", "Tyuiu.SolievAH.Sprint2.Task6.V7.Test\Tyuiu.SolievAH.Sprint2.Task6.V7.Test.csproj", "{5E108366-832B-4A79-822D-7069ACD80767}"
EndProject
Project("{FAE04EC0-301F-11D3-BF4B-00C04F79EFBC}") = "Tyuiu.SolievAH.Sprint2.Task6.V7.Lib", "Tyuiu.SolievAH.Sprint2.Task6.V7.Lib\Tyuiu.SolievAH.Sprint2.Task6.V7.Lib.csproj", "{C04C6BC3-0603-4204-A410-23CD40FD82EB}"
EndProject
Project("{2150E333-8FDC-42A3-9474-1A3956D46DE8}") = "Task7", "Task7", "{56662FA0-5B46-4A07-93AD-93F5BD08716C}"
EndProject
Project("{FAE04EC0-301F-11D3-BF4B-00C04F79EFBC}") = "Tyuiu.SolievAH.Sprint2.Task7.V9", "Tyuiu.SolievAH.Sprint2.Task7.V9\Tyuiu.SolievAH.Sprint2.Task7.V9.csproj", "{E6BF88D7-1F1E-4394-8D4B-A69499A4D830}"
EndProject
Project("{FAE04EC0-301F-11D3-BF4B-00C04F79EFBC}") = "Tyuiu.SolievAH.Sprint2.Task7.V9.Lib", "Tyuiu.SolievAH.Sprint2.Task7.V9.Lib\Tyuiu.SolievAH.Sprint2.Task7.V9.Lib.csproj", "{57ED7EAA-5D5B-4865-8DB9-74EB05276454}"
EndProject
Project("{FAE04EC0-301F-11D3-BF4B-00C04F79EFBC}") = "Tyuiu.SolievAH.Sprint2.Task7.V9.Test", "Tyuiu.SolievAH.Sprint2.Task7.V9.Test\Tyuiu.SolievAH.Sprint2.Task7.V9.Test.csproj", "{64C3E1A8-12C7-4354-B13F-08F51EEC11B6}"
EndProject
Global
	GlobalSection(SolutionConfigurationPlatforms) = preSolution
		Debug|Any CPU = Debug|Any CPU
		Release|Any CPU = Release|Any CPU
	EndGlobalSection
	GlobalSection(ProjectConfigurationPlatforms) = postSolution
		{AA4EE1AC-3080-40E2-9796-0F718BA64A88}.Debug|Any CPU.ActiveCfg = Debug|Any CPU
		{AA4EE1AC-3080-40E2-9796-0F718BA64A88}.Debug|Any CPU.Build.0 = Debug|Any CPU
		{AA4EE1AC-3080-40E2-9796-0F718BA64A88}.Release|Any CPU.ActiveCfg = Release|Any CPU
		{AA4EE1AC-3080-40E2-9796-0F718BA64A88}.Release|Any CPU.Build.0 = Release|Any CPU
		{C45CEA60-2CEF-4F52-A1D3-F797EB65C47A}.Debug|Any CPU.ActiveCfg = Debug|Any CPU
		{C45CEA60-2CEF-4F52-A1D3-F797EB65C47A}.Debug|Any CPU.Build.0 = Debug|Any CPU
		{C45CEA60-2CEF-4F52-A1D3-F797EB65C47A}.Release|Any CPU.ActiveCfg = Release|Any CPU
		{C45CEA60-2CEF-4F52-A1D3-F797EB65C47A}.Release|Any CPU.Build.0 = Release|Any CPU
		{0F82E116-8683-4390-B7A2-65A2401AAA24}.Debug|Any CPU.ActiveCfg = Debug|Any CPU
		{0F82E116-8683-4390-B7A2-65A2401AAA24}.Debug|Any CPU.Build.0 = Debug|Any CPU
		{0F82E116-8683-4390-B7A2-65A2401AAA24}.Release|Any CPU.ActiveCfg = Release|Any CPU
		{0F82E116-8683-4390-B7A2-65A2401AAA24}.Release|Any CPU.Build.0 = Release|Any CPU
		{CFF8CDAA-B4C4-42E8-ACAA-AB2232E4391D}.Debug|Any CPU.ActiveCfg = Debug|Any CPU
		{CFF8CDAA-B4C4-42E8-ACAA-AB2232E4391D}.Debug|Any CPU.Build.0 = Debug|Any CPU
		{CFF8CDAA-B4C4-42E8-ACAA-AB2232E4391D}.Release|Any CPU.ActiveCfg = Release|Any CPU
		{CFF8CDAA-B4C4-42E8-ACAA-AB2232E4391D}.Release|Any CPU.Build.0 = Release|Any CPU
		{BC898E91-4481-4FA7-BF50-529F1CA746B7}.Debug|Any CPU.ActiveCfg = Debug|Any CPU
		{BC898E91-4481-4FA7-BF50-529F1CA746B7}.Debug|Any CPU.Build.0 = Debug|Any CPU
		{BC898E91-4481-4FA7-BF50-529F1CA746B7}.Release|Any CPU.ActiveCfg = Release|Any CPU
		{BC898E91-4481-4FA7-BF50-529F1CA746B7}.Release|Any CPU.Build.0 = Release|Any CPU
		{F31612D1-3C4E-45F1-9EFC-1DEA21783443}.Debug|Any CPU.ActiveCfg = Debug|Any CPU
		{F31612D1-3C4E-45F1-9EFC-1DEA21783443}.Debug|Any CPU.Build.0 = Debug|Any CPU
		{F31612D1-3C4E-45F1-9EFC-1DEA21783443}.Release|Any CPU.ActiveCfg = Release|Any CPU
		{F31612D1-3C4E-45F1-9EFC-1DEA21783443}.Release|Any CPU.Build.0 = Release|Any CPU
		{AD4589B0-A178-42FA-962E-7F613FE1A40C}.Debug|Any CPU.ActiveCfg = Debug|Any CPU
		{AD4589B0-A178-42FA-962E-7F613FE1A40C}.Debug|Any CPU.Build.0 = Debug|Any CPU
		{AD4589B0-A178-42FA-962E-7F613FE1A40C}.Release|Any CPU.ActiveCfg = Release|Any CPU
		{AD4589B0-A178-42FA-962E-7F613FE1A40C}.Release|Any CPU.Build.0 = Release|Any CPU
		{7B80A35D-8AA6-445B-8A94-F2FFD6B21F01}.Debug|Any CPU.ActiveCfg = Debug|Any CPU
		{7B80A35D-8AA6-445B-8A94-F2FFD6B21F01}.Debug|Any CPU.Build.0 = Debug|Any CPU
		{7B80A35D-8AA6-445B-8A94-F2FFD6B21F01}.Release|Any CPU.ActiveCfg = Release|Any CPU
		{7B80A35D-8AA6-445B-8A94-F2FFD6B21F01}.Release|Any CPU.Build.0 = Release|Any CPU
		{F8ADFD65-F4E3-4CAF-9A6D-8099E072B8A7}.Debug|Any CPU.ActiveCfg = Debug|Any CPU
		{F8ADFD65-F4E3-4CAF-9A6D-8099E072B8A7}.Debug|Any CPU.Build.0 = Debug|Any CPU
		{F8ADFD65-F4E3-4CAF-9A6D-8099E072B8A7}.Release|Any CPU.ActiveCfg = Release|Any CPU
		{F8ADFD65-F4E3-4CAF-9A6D-8099E072B8A7}.Release|Any CPU.Build.0 = Release|Any CPU
		{C0D0BFBB-948A-4486-A142-ABB51CC0118B}.Debug|Any CPU.ActiveCfg = Debug|Any CPU
		{C0D0BFBB-948A-4486-A142-ABB51CC0118B}.Debug|Any CPU.Build.0 = Debug|Any CPU
		{C0D0BFBB-948A-4486-A142-ABB51CC0118B}.Release|Any CPU.ActiveCfg = Release|Any CPU
		{C0D0BFBB-948A-4486-A142-ABB51CC0118B}.Release|Any CPU.Build.0 = Release|Any CPU
		{5E185A2A-9DA7-4779-BF34-5D96B6E73512}.Debug|Any CPU.ActiveCfg = Debug|Any CPU
		{5E185A2A-9DA7-4779-BF34-5D96B6E73512}.Debug|Any CPU.Build.0 = Debug|Any CPU
		{5E185A2A-9DA7-4779-BF34-5D96B6E73512}.Release|Any CPU.ActiveCfg = Release|Any CPU
		{5E185A2A-9DA7-4779-BF34-5D96B6E73512}.Release|Any CPU.Build.0 = Release|Any CPU
		{EA5CFEE8-7619-4B5B-9CCA-494326BAFFC6}.Debug|Any CPU.ActiveCfg = Debug|Any CPU
		{EA5CFEE8-7619-4B5B-9CCA-494326BAFFC6}.Debug|Any CPU.Build.0 = Debug|Any CPU
		{EA5CFEE8-7619-4B5B-9CCA-494326BAFFC6}.Release|Any CPU.ActiveCfg = Release|Any CPU
		{EA5CFEE8-7619-4B5B-9CCA-494326BAFFC6}.Release|Any CPU.Build.0 = Release|Any CPU
		{C8BD389C-F4BE-4558-9E5A-4E0E07C6EB06}.Debug|Any CPU.ActiveCfg = Debug|Any CPU
		{C8BD389C-F4BE-4558-9E5A-4E0E07C6EB06}.Debug|Any CPU.Build.0 = Debug|Any CPU
		{C8BD389C-F4BE-4558-9E5A-4E0E07C6EB06}.Release|Any CPU.ActiveCfg = Release|Any CPU
		{C8BD389C-F4BE-4558-9E5A-4E0E07C6EB06}.Release|Any CPU.Build.0 = Release|Any CPU
		{1F6886D5-B28A-4677-B4E8-381F0B79C7CF}.Debug|Any CPU.ActiveCfg = Debug|Any CPU
		{1F6886D5-B28A-4677-B4E8-381F0B79C7CF}.Debug|Any CPU.Build.0 = Debug|Any CPU
		{1F6886D5-B28A-4677-B4E8-381F0B79C7CF}.Release|Any CPU.ActiveCfg = Release|Any CPU
		{1F6886D5-B28A-4677-B4E8-381F0B79C7CF}.Release|Any CPU.Build.0 = Release|Any CPU
		{D30A21AB-AB4A-4677-A1B6-79708FE6F822}.Debug|Any CPU.ActiveCfg = Debug|Any CPU
		{D30A21AB-AB4A-4677-A1B6-79708FE6F822}.Debug|Any CPU.Build.0 = Debug|Any CPU
		{D30A21AB-AB4A-4677-A1B6-79708FE6F822}.Release|Any CPU.ActiveCfg = Release|Any CPU
		{D30A21AB-AB4A-4677-A1B6-79708FE6F822}.Release|Any CPU.Build.0 = Release|Any CPU
		{AC3218DF-B54C-4E62-BE59-ABDECB59FE78}.Debug|Any CPU.ActiveCfg = Debug|Any CPU
		{AC3218DF-B54C-4E62-BE59-ABDECB59FE78}.Debug|Any CPU.Build.0 = Debug|Any CPU
		{AC3218DF-B54C-4E62-BE59-ABDECB59FE78}.Release|Any CPU.ActiveCfg = Release|Any CPU
		{AC3218DF-B54C-4E62-BE59-ABDECB59FE78}.Release|Any CPU.Build.0 = Release|Any CPU
		{500CFC7F-1F68-46A8-BEFA-A46AF063D096}.Debug|Any CPU.ActiveCfg = Debug|Any CPU
		{500CFC7F-1F68-46A8-BEFA-A46AF063D096}.Debug|Any CPU.Build.0 = Debug|Any CPU
		{500CFC7F-1F68-46A8-BEFA-A46AF063D096}.Release|Any CPU.ActiveCfg = Release|Any CPU
		{500CFC7F-1F68-46A8-BEFA-A46AF063D096}.Release|Any CPU.Build.0 = Release|Any CPU
		{E1A1A0C8-D4F6-40E2-A8D4-908E01A7BB10}.Debug|Any CPU.ActiveCfg = Debug|Any CPU
		{E1A1A0C8-D4F6-40E2-A8D4-908E01A7BB10}.Debug|Any CPU.Build.0 = Debug|Any CPU
		{E1A1A0C8-D4F6-40E2-A8D4-908E01A7BB10}.Release|Any CPU.ActiveCfg = Release|Any CPU
		{E1A1A0C8-D4F6-40E2-A8D4-908E01A7BB10}.Release|Any CPU.Build.0 = Release|Any CPU
		{871926F5-87A6-43B7-8AA1-BF449C0AEEE9}.Debug|Any CPU.ActiveCfg = Debug|Any CPU
		{871926F5-87A6-43B7-8AA1-BF449C0AEEE9}.Debug|Any CPU.Build.0 = Debug|Any CPU
		{871926F5-87A6-43B7-8AA1-BF449C0AEEE9}.Release|Any CPU.ActiveCfg = Release|Any CPU
		{871926F5-87A6-43B7-8AA1-BF449C0AEEE9}.Release|Any CPU.Build.0 = Release|Any CPU
		{5E108366-832B-4A79-822D-7069ACD80767}.Debug|Any CPU.ActiveCfg = Debug|Any CPU
		{5E108366-832B-4A79-822D-7069ACD80767}.Debug|Any CPU.Build.0 = Debug|Any CPU
		{5E108366-832B-4A79-822D-7069ACD80767}.Release|Any CPU.ActiveCfg = Release|Any CPU
		{5E108366-832B-4A79-822D-7069ACD80767}.Release|Any CPU.Build.0 = Release|Any CPU
		{C04C6BC3-0603-4204-A410-23CD40FD82EB}.Debug|Any CPU.ActiveCfg = Debug|Any CPU
		{C04C6BC3-0603-4204-A410-23CD40FD82EB}.Debug|Any CPU.Build.0 = Debug|Any CPU
		{C04C6BC3-0603-4204-A410-23CD40FD82EB}.Release|Any CPU.ActiveCfg = Release|Any CPU
		{C04C6BC3-0603-4204-A410-23CD40FD82EB}.Release|Any CPU.Build.0 = Release|Any CPU
		{E6BF88D7-1F1E-4394-8D4B-A69499A4D830}.Debug|Any CPU.ActiveCfg = Debug|Any CPU
		{E6BF88D7-1F1E-4394-8D4B-A69499A4D830}.Debug|Any CPU.Build.0 = Debug|Any CPU
		{E6BF88D7-1F1E-4394-8D4B-A69499A4D830}.Release|Any CPU.ActiveCfg = Release|Any CPU
		{E6BF88D7-1F1E-4394-8D4B-A69499A4D830}.Release|Any CPU.Build.0 = Release|Any CPU
		{57ED7EAA-5D5B-4865-8DB9-74EB05276454}.Debug|Any CPU.ActiveCfg = Debug|Any CPU
		{57ED7EAA-5D5B-4865-8DB9-74EB05276454}.Debug|Any CPU.Build.0 = Debug|Any CPU
		{57ED7EAA-5D5B-4865-8DB9-74EB05276454}.Release|Any CPU.ActiveCfg = Release|Any CPU
		{57ED7EAA-5D5B-4865-8DB9-74EB05276454}.Release|Any CPU.Build.0 = Release|Any CPU
		{64C3E1A8-12C7-4354-B13F-08F51EEC11B6}.Debug|Any CPU.ActiveCfg = Debug|Any CPU
		{64C3E1A8-12C7-4354-B13F-08F51EEC11B6}.Debug|Any CPU.Build.0 = Debug|Any CPU
		{64C3E1A8-12C7-4354-B13F-08F51EEC11B6}.Release|Any CPU.ActiveCfg = Release|Any CPU
		{64C3E1A8-12C7-4354-B13F-08F51EEC11B6}.Release|Any CPU.Build.0 = Release|Any CPU
	EndGlobalSection
	GlobalSection(SolutionProperties) = preSolution
		HideSolutionNode = FALSE
	EndGlobalSection
	GlobalSection(NestedProjects) = preSolution
		{AA4EE1AC-3080-40E2-9796-0F718BA64A88} = {B71AD408-E1BF-4C5E-B877-9329D787DA16}
		{C45CEA60-2CEF-4F52-A1D3-F797EB65C47A} = {B71AD408-E1BF-4C5E-B877-9329D787DA16}
		{0F82E116-8683-4390-B7A2-65A2401AAA24} = {B71AD408-E1BF-4C5E-B877-9329D787DA16}
		{CFF8CDAA-B4C4-42E8-ACAA-AB2232E4391D} = {785686F3-870F-4CE3-AB70-CBD1A6297859}
		{BC898E91-4481-4FA7-BF50-529F1CA746B7} = {785686F3-870F-4CE3-AB70-CBD1A6297859}
		{F31612D1-3C4E-45F1-9EFC-1DEA21783443} = {785686F3-870F-4CE3-AB70-CBD1A6297859}
		{AD4589B0-A178-42FA-962E-7F613FE1A40C} = {862D6B4F-9776-4F7D-89F8-B7AC08642CAF}
		{7B80A35D-8AA6-445B-8A94-F2FFD6B21F01} = {862D6B4F-9776-4F7D-89F8-B7AC08642CAF}
		{F8ADFD65-F4E3-4CAF-9A6D-8099E072B8A7} = {862D6B4F-9776-4F7D-89F8-B7AC08642CAF}
		{C0D0BFBB-948A-4486-A142-ABB51CC0118B} = {339F113D-C55E-46B7-A5AD-B9AB3F2B64D4}
		{5E185A2A-9DA7-4779-BF34-5D96B6E73512} = {339F113D-C55E-46B7-A5AD-B9AB3F2B64D4}
		{EA5CFEE8-7619-4B5B-9CCA-494326BAFFC6} = {339F113D-C55E-46B7-A5AD-B9AB3F2B64D4}
		{C8BD389C-F4BE-4558-9E5A-4E0E07C6EB06} = {06C606F4-E22C-4825-AE5A-FD23B80CE39F}
		{1F6886D5-B28A-4677-B4E8-381F0B79C7CF} = {06C606F4-E22C-4825-AE5A-FD23B80CE39F}
		{D30A21AB-AB4A-4677-A1B6-79708FE6F822} = {06C606F4-E22C-4825-AE5A-FD23B80CE39F}
		{AC3218DF-B54C-4E62-BE59-ABDECB59FE78} = {64D34C10-3116-4056-B01D-0B50A9254CB5}
		{500CFC7F-1F68-46A8-BEFA-A46AF063D096} = {64D34C10-3116-4056-B01D-0B50A9254CB5}
		{E1A1A0C8-D4F6-40E2-A8D4-908E01A7BB10} = {64D34C10-3116-4056-B01D-0B50A9254CB5}
		{871926F5-87A6-43B7-8AA1-BF449C0AEEE9} = {9477FBB0-9300-4368-8F81-4FEB2B4C294E}
		{5E108366-832B-4A79-822D-7069ACD80767} = {9477FBB0-9300-4368-8F81-4FEB2B4C294E}
		{C04C6BC3-0603-4204-A410-23CD40FD82EB} = {9477FBB0-9300-4368-8F81-4FEB2B4C294E}
		{E6BF88D7-1F1E-4394-8D4B-A69499A4D830} = {56662FA0-5B46-4A07-93AD-93F5BD08716C}
		{57ED7EAA-5D5B-4865-8DB9-74EB05276454} = {56662FA0-5B46-4A07-93AD-93F5BD08716C}
		{64C3E1A8-12C7-4354-B13F-08F51EEC11B6} = {56662FA0-5B46-4A07-93AD-93F5BD08716C}
	EndGlobalSection
	GlobalSection(ExtensibilityGlobals) = postSolution
		SolutionGuid = {0A1EC7EB-CEBE-40E3-A928-B383DCF39DEC}
	EndGlobalSection
EndGlobal
